
Microsoft Visual Studio Solution File, Format Version 12.00
# Visual Studio Version 16
VisualStudioVersion = 16.0.31313.79
MinimumVisualStudioVersion = 10.0.40219.1
Project("{9A19103F-16F7-4668-BE54-9A1E7A4F7556}") = "Flapp_BLL", "Flapp_BLL\Flapp_BLL.csproj", "{062CC4AD-95B6-4AF1-A793-14CA35B278C1}"
EndProject
Project("{9A19103F-16F7-4668-BE54-9A1E7A4F7556}") = "Flapp_CNS", "Flapp_CNS\Flapp_CNS.csproj", "{F2D61F44-A16B-4BF7-AD50-7547D0E38003}"
EndProject
Project("{9A19103F-16F7-4668-BE54-9A1E7A4F7556}") = "Flapp_TESTS", "Flapp_Tests\Flapp_TESTS.csproj", "{2BDC6B0B-09E5-47EF-A2BD-3B5EE1CFB983}"
EndProject
Project("{FAE04EC0-301F-11D3-BF4B-00C04F79EFBC}") = "Flapp_DAL", "Flapp_DAL\Flapp_DAL.csproj", "{2DD0E71F-E684-406F-82FC-5691B18F981C}"
EndProject
Global
	GlobalSection(SolutionConfigurationPlatforms) = preSolution
		Debug|Any CPU = Debug|Any CPU
		Release|Any CPU = Release|Any CPU
	EndGlobalSection
	GlobalSection(ProjectConfigurationPlatforms) = postSolution
		{062CC4AD-95B6-4AF1-A793-14CA35B278C1}.Debug|Any CPU.ActiveCfg = Debug|Any CPU
		{062CC4AD-95B6-4AF1-A793-14CA35B278C1}.Debug|Any CPU.Build.0 = Debug|Any CPU
		{062CC4AD-95B6-4AF1-A793-14CA35B278C1}.Release|Any CPU.ActiveCfg = Release|Any CPU
		{062CC4AD-95B6-4AF1-A793-14CA35B278C1}.Release|Any CPU.Build.0 = Release|Any CPU
		{F2D61F44-A16B-4BF7-AD50-7547D0E38003}.Debug|Any CPU.ActiveCfg = Debug|Any CPU
		{F2D61F44-A16B-4BF7-AD50-7547D0E38003}.Debug|Any CPU.Build.0 = Debug|Any CPU
		{F2D61F44-A16B-4BF7-AD50-7547D0E38003}.Release|Any CPU.ActiveCfg = Release|Any CPU
		{F2D61F44-A16B-4BF7-AD50-7547D0E38003}.Release|Any CPU.Build.0 = Release|Any CPU
		{2BDC6B0B-09E5-47EF-A2BD-3B5EE1CFB983}.Debug|Any CPU.ActiveCfg = Debug|Any CPU
		{2BDC6B0B-09E5-47EF-A2BD-3B5EE1CFB983}.Debug|Any CPU.Build.0 = Debug|Any CPU
		{2BDC6B0B-09E5-47EF-A2BD-3B5EE1CFB983}.Release|Any CPU.ActiveCfg = Release|Any CPU
		{2BDC6B0B-09E5-47EF-A2BD-3B5EE1CFB983}.Release|Any CPU.Build.0 = Release|Any CPU
		{2DD0E71F-E684-406F-82FC-5691B18F981C}.Debug|Any CPU.ActiveCfg = Debug|Any CPU
		{2DD0E71F-E684-406F-82FC-5691B18F981C}.Debug|Any CPU.Build.0 = Debug|Any CPU
		{2DD0E71F-E684-406F-82FC-5691B18F981C}.Release|Any CPU.ActiveCfg = Release|Any CPU
		{2DD0E71F-E684-406F-82FC-5691B18F981C}.Release|Any CPU.Build.0 = Release|Any CPU
	EndGlobalSection
	GlobalSection(SolutionProperties) = preSolution
		HideSolutionNode = FALSE
	EndGlobalSection
	GlobalSection(ExtensibilityGlobals) = postSolution
		SolutionGuid = {5A5100BC-2824-43BC-A5F4-3E374B451913}
	EndGlobalSection
EndGlobal
